
Microsoft Visual Studio Solution File, Format Version 12.00
Project("{FAE04EC0-301F-11D3-BF4B-00C04F79EFBC}") = "MFFSuCA", "MFFSuCA.csproj", "{63716723-B9A8-43CB-829F-3C6E5661E93A}"
EndProject
Global
	GlobalSection(SolutionConfigurationPlatforms) = preSolution
		Debug|Any CPU = Debug|Any CPU
		Release|Any CPU = Release|Any CPU
	EndGlobalSection
	GlobalSection(ProjectConfigurationPlatforms) = postSolution
		{63716723-B9A8-43CB-829F-3C6E5661E93A}.Debug|Any CPU.ActiveCfg = Debug|Any CPU
		{63716723-B9A8-43CB-829F-3C6E5661E93A}.Debug|Any CPU.Build.0 = Debug|Any CPU
		{63716723-B9A8-43CB-829F-3C6E5661E93A}.Release|Any CPU.ActiveCfg = Release|Any CPU
		{63716723-B9A8-43CB-829F-3C6E5661E93A}.Release|Any CPU.Build.0 = Release|Any CPU
	EndGlobalSection
EndGlobal
